
Microsoft Visual Studio Solution File, Format Version 12.00
# Visual Studio Version 16
VisualStudioVersion = 16.0.29409.12
MinimumVisualStudioVersion = 10.0.40219.1
Project("{2150E333-8FDC-42A3-9474-1A3956D46DE8}") = "1_ClientCredentials", "1_ClientCredentials", "{F4E80DBF-41D5-4C5A-825C-6969443DF699}"
EndProject
Project("{2150E333-8FDC-42A3-9474-1A3956D46DE8}") = "IdentityServer", "IdentityServer", "{D9490D5C-797F-4248-A8A3-F3522FA7393A}"
EndProject
Project("{9A19103F-16F7-4668-BE54-9A1E7A4F7556}") = "IdentityServers", "1_ClientCredentials\IdentityServer\IdentityServers\IdentityServers.csproj", "{A9E6563B-32A5-4907-8877-D1173625775F}"
EndProject
Project("{2150E333-8FDC-42A3-9474-1A3956D46DE8}") = "Api", "Api", "{E1F1655A-CB4C-4082-AA6E-BBA02925DAD8}"
EndProject
Project("{FAE04EC0-301F-11D3-BF4B-00C04F79EFBC}") = "Apis", "1_ClientCredentials\Api\Apis\Apis.csproj", "{3327485A-3334-43C2-8828-B45FA61EB8C3}"
EndProject
Project("{2150E333-8FDC-42A3-9474-1A3956D46DE8}") = "Client", "Client", "{EC8D8A59-4778-4C3D-813B-61588F5B91E2}"
EndProject
Project("{FAE04EC0-301F-11D3-BF4B-00C04F79EFBC}") = "Clients", "1_ClientCredentials\Client\Clients\Clients.csproj", "{59F4DB38-3B0E-4539-97F6-65BCB69F4BC5}"
EndProject
Global
	GlobalSection(SolutionConfigurationPlatforms) = preSolution
		Debug|Any CPU = Debug|Any CPU
		Release|Any CPU = Release|Any CPU
	EndGlobalSection
	GlobalSection(ProjectConfigurationPlatforms) = postSolution
		{A9E6563B-32A5-4907-8877-D1173625775F}.Debug|Any CPU.ActiveCfg = Debug|Any CPU
		{A9E6563B-32A5-4907-8877-D1173625775F}.Debug|Any CPU.Build.0 = Debug|Any CPU
		{A9E6563B-32A5-4907-8877-D1173625775F}.Release|Any CPU.ActiveCfg = Release|Any CPU
		{A9E6563B-32A5-4907-8877-D1173625775F}.Release|Any CPU.Build.0 = Release|Any CPU
		{3327485A-3334-43C2-8828-B45FA61EB8C3}.Debug|Any CPU.ActiveCfg = Debug|Any CPU
		{3327485A-3334-43C2-8828-B45FA61EB8C3}.Debug|Any CPU.Build.0 = Debug|Any CPU
		{3327485A-3334-43C2-8828-B45FA61EB8C3}.Release|Any CPU.ActiveCfg = Release|Any CPU
		{3327485A-3334-43C2-8828-B45FA61EB8C3}.Release|Any CPU.Build.0 = Release|Any CPU
		{59F4DB38-3B0E-4539-97F6-65BCB69F4BC5}.Debug|Any CPU.ActiveCfg = Debug|Any CPU
		{59F4DB38-3B0E-4539-97F6-65BCB69F4BC5}.Debug|Any CPU.Build.0 = Debug|Any CPU
		{59F4DB38-3B0E-4539-97F6-65BCB69F4BC5}.Release|Any CPU.ActiveCfg = Release|Any CPU
		{59F4DB38-3B0E-4539-97F6-65BCB69F4BC5}.Release|Any CPU.Build.0 = Release|Any CPU
	EndGlobalSection
	GlobalSection(SolutionProperties) = preSolution
		HideSolutionNode = FALSE
	EndGlobalSection
	GlobalSection(NestedProjects) = preSolution
		{D9490D5C-797F-4248-A8A3-F3522FA7393A} = {F4E80DBF-41D5-4C5A-825C-6969443DF699}
		{A9E6563B-32A5-4907-8877-D1173625775F} = {D9490D5C-797F-4248-A8A3-F3522FA7393A}
		{E1F1655A-CB4C-4082-AA6E-BBA02925DAD8} = {F4E80DBF-41D5-4C5A-825C-6969443DF699}
		{3327485A-3334-43C2-8828-B45FA61EB8C3} = {E1F1655A-CB4C-4082-AA6E-BBA02925DAD8}
		{EC8D8A59-4778-4C3D-813B-61588F5B91E2} = {F4E80DBF-41D5-4C5A-825C-6969443DF699}
		{59F4DB38-3B0E-4539-97F6-65BCB69F4BC5} = {EC8D8A59-4778-4C3D-813B-61588F5B91E2}
	EndGlobalSection
	GlobalSection(ExtensibilityGlobals) = postSolution
		SolutionGuid = {606F19C7-D232-4C21-B5EF-7E85E5CFA696}
	EndGlobalSection
EndGlobal
