
Microsoft Visual Studio Solution File, Format Version 12.00
# Visual Studio Version 16
VisualStudioVersion = 16.0.29409.12
MinimumVisualStudioVersion = 10.0.40219.1
Project("{2150E333-8FDC-42A3-9474-1A3956D46DE8}") = "1_ClientCredentials", "1_ClientCredentials", "{F4E80DBF-41D5-4C5A-825C-6969443DF699}"
EndProject
Project("{2150E333-8FDC-42A3-9474-1A3956D46DE8}") = "IdentityServer", "IdentityServer", "{D9490D5C-797F-4248-A8A3-F3522FA7393A}"
EndProject
Project("{9A19103F-16F7-4668-BE54-9A1E7A4F7556}") = "IdentityServers", "1_ClientCredentials\IdentityServer\IdentityServers\IdentityServers.csproj", "{A9E6563B-32A5-4907-8877-D1173625775F}"
EndProject
Project("{2150E333-8FDC-42A3-9474-1A3956D46DE8}") = "Api", "Api", "{E1F1655A-CB4C-4082-AA6E-BBA02925DAD8}"
EndProject
Project("{9A19103F-16F7-4668-BE54-9A1E7A4F7556}") = "Apis", "1_ClientCredentials\Api\Apis\Apis.csproj", "{3327485A-3334-43C2-8828-B45FA61EB8C3}"
EndProject
Project("{2150E333-8FDC-42A3-9474-1A3956D46DE8}") = "Client", "Client", "{EC8D8A59-4778-4C3D-813B-61588F5B91E2}"
EndProject
Project("{9A19103F-16F7-4668-BE54-9A1E7A4F7556}") = "Clients", "1_ClientCredentials\Client\Clients\Clients.csproj", "{59F4DB38-3B0E-4539-97F6-65BCB69F4BC5}"
EndProject
Project("{2150E333-8FDC-42A3-9474-1A3956D46DE8}") = "2_ResourceOwnerPasswords", "2_ResourceOwnerPasswords", "{01E37454-19C9-4B1A-B464-BDEAE79C5A27}"
EndProject
Project("{2150E333-8FDC-42A3-9474-1A3956D46DE8}") = "IdentityServer", "IdentityServer", "{742EBFBA-DAEA-41E7-98F2-384C0726C493}"
EndProject
Project("{9A19103F-16F7-4668-BE54-9A1E7A4F7556}") = "IdentityServers", "2_ResourceOwnerPasswords\IdentityServer\IdentityServers\IdentityServers.csproj", "{77D1952D-AC34-4B0A-AE75-BEF81E21398D}"
EndProject
Project("{2150E333-8FDC-42A3-9474-1A3956D46DE8}") = "Api", "Api", "{88BEA9F5-B084-4D5A-87C4-480FC04E396B}"
EndProject
Project("{FAE04EC0-301F-11D3-BF4B-00C04F79EFBC}") = "ApiResource", "2_ResourceOwnerPasswords\Api\ApiResource\ApiResource.csproj", "{766884A6-4B64-4FC4-88C8-4AEA1BC63CBE}"
EndProject
Project("{2150E333-8FDC-42A3-9474-1A3956D46DE8}") = "ResourceOwnerClient", "ResourceOwnerClient", "{268C0C69-C33C-4036-95E9-1F87F9A697FE}"
EndProject
Project("{FAE04EC0-301F-11D3-BF4B-00C04F79EFBC}") = "ResourceOwnerClients", "2_ResourceOwnerPasswords\ResourceOwnerClient\ResourceOwnerClients\ResourceOwnerClients.csproj", "{93F4E236-0519-4F3A-93FA-AA8D04EE63EE}"
EndProject
Project("{2150E333-8FDC-42A3-9474-1A3956D46DE8}") = "Client", "Client", "{EBC0B651-3B42-4CC0-891F-7C9BF574DF9F}"
EndProject
Project("{FAE04EC0-301F-11D3-BF4B-00C04F79EFBC}") = "Client2", "2_ResourceOwnerPasswords\Client\Client2\Client2.csproj", "{06F45170-7AD4-4DE2-9EE8-B46523E2BA2C}"
EndProject
Global
	GlobalSection(SolutionConfigurationPlatforms) = preSolution
		Debug|Any CPU = Debug|Any CPU
		Release|Any CPU = Release|Any CPU
	EndGlobalSection
	GlobalSection(ProjectConfigurationPlatforms) = postSolution
		{A9E6563B-32A5-4907-8877-D1173625775F}.Debug|Any CPU.ActiveCfg = Debug|Any CPU
		{A9E6563B-32A5-4907-8877-D1173625775F}.Debug|Any CPU.Build.0 = Debug|Any CPU
		{A9E6563B-32A5-4907-8877-D1173625775F}.Release|Any CPU.ActiveCfg = Release|Any CPU
		{A9E6563B-32A5-4907-8877-D1173625775F}.Release|Any CPU.Build.0 = Release|Any CPU
		{3327485A-3334-43C2-8828-B45FA61EB8C3}.Debug|Any CPU.ActiveCfg = Debug|Any CPU
		{3327485A-3334-43C2-8828-B45FA61EB8C3}.Debug|Any CPU.Build.0 = Debug|Any CPU
		{3327485A-3334-43C2-8828-B45FA61EB8C3}.Release|Any CPU.ActiveCfg = Release|Any CPU
		{3327485A-3334-43C2-8828-B45FA61EB8C3}.Release|Any CPU.Build.0 = Release|Any CPU
		{59F4DB38-3B0E-4539-97F6-65BCB69F4BC5}.Debug|Any CPU.ActiveCfg = Debug|Any CPU
		{59F4DB38-3B0E-4539-97F6-65BCB69F4BC5}.Debug|Any CPU.Build.0 = Debug|Any CPU
		{59F4DB38-3B0E-4539-97F6-65BCB69F4BC5}.Release|Any CPU.ActiveCfg = Release|Any CPU
		{59F4DB38-3B0E-4539-97F6-65BCB69F4BC5}.Release|Any CPU.Build.0 = Release|Any CPU
		{77D1952D-AC34-4B0A-AE75-BEF81E21398D}.Debug|Any CPU.ActiveCfg = Debug|Any CPU
		{77D1952D-AC34-4B0A-AE75-BEF81E21398D}.Debug|Any CPU.Build.0 = Debug|Any CPU
		{77D1952D-AC34-4B0A-AE75-BEF81E21398D}.Release|Any CPU.ActiveCfg = Release|Any CPU
		{77D1952D-AC34-4B0A-AE75-BEF81E21398D}.Release|Any CPU.Build.0 = Release|Any CPU
		{766884A6-4B64-4FC4-88C8-4AEA1BC63CBE}.Debug|Any CPU.ActiveCfg = Debug|Any CPU
		{766884A6-4B64-4FC4-88C8-4AEA1BC63CBE}.Debug|Any CPU.Build.0 = Debug|Any CPU
		{766884A6-4B64-4FC4-88C8-4AEA1BC63CBE}.Release|Any CPU.ActiveCfg = Release|Any CPU
		{766884A6-4B64-4FC4-88C8-4AEA1BC63CBE}.Release|Any CPU.Build.0 = Release|Any CPU
		{93F4E236-0519-4F3A-93FA-AA8D04EE63EE}.Debug|Any CPU.ActiveCfg = Debug|Any CPU
		{93F4E236-0519-4F3A-93FA-AA8D04EE63EE}.Debug|Any CPU.Build.0 = Debug|Any CPU
		{93F4E236-0519-4F3A-93FA-AA8D04EE63EE}.Release|Any CPU.ActiveCfg = Release|Any CPU
		{93F4E236-0519-4F3A-93FA-AA8D04EE63EE}.Release|Any CPU.Build.0 = Release|Any CPU
		{06F45170-7AD4-4DE2-9EE8-B46523E2BA2C}.Debug|Any CPU.ActiveCfg = Debug|Any CPU
		{06F45170-7AD4-4DE2-9EE8-B46523E2BA2C}.Debug|Any CPU.Build.0 = Debug|Any CPU
		{06F45170-7AD4-4DE2-9EE8-B46523E2BA2C}.Release|Any CPU.ActiveCfg = Release|Any CPU
		{06F45170-7AD4-4DE2-9EE8-B46523E2BA2C}.Release|Any CPU.Build.0 = Release|Any CPU
	EndGlobalSection
	GlobalSection(SolutionProperties) = preSolution
		HideSolutionNode = FALSE
	EndGlobalSection
	GlobalSection(NestedProjects) = preSolution
		{D9490D5C-797F-4248-A8A3-F3522FA7393A} = {F4E80DBF-41D5-4C5A-825C-6969443DF699}
		{A9E6563B-32A5-4907-8877-D1173625775F} = {D9490D5C-797F-4248-A8A3-F3522FA7393A}
		{E1F1655A-CB4C-4082-AA6E-BBA02925DAD8} = {F4E80DBF-41D5-4C5A-825C-6969443DF699}
		{3327485A-3334-43C2-8828-B45FA61EB8C3} = {E1F1655A-CB4C-4082-AA6E-BBA02925DAD8}
		{EC8D8A59-4778-4C3D-813B-61588F5B91E2} = {F4E80DBF-41D5-4C5A-825C-6969443DF699}
		{59F4DB38-3B0E-4539-97F6-65BCB69F4BC5} = {EC8D8A59-4778-4C3D-813B-61588F5B91E2}
		{742EBFBA-DAEA-41E7-98F2-384C0726C493} = {01E37454-19C9-4B1A-B464-BDEAE79C5A27}
		{77D1952D-AC34-4B0A-AE75-BEF81E21398D} = {742EBFBA-DAEA-41E7-98F2-384C0726C493}
		{88BEA9F5-B084-4D5A-87C4-480FC04E396B} = {01E37454-19C9-4B1A-B464-BDEAE79C5A27}
		{766884A6-4B64-4FC4-88C8-4AEA1BC63CBE} = {88BEA9F5-B084-4D5A-87C4-480FC04E396B}
		{268C0C69-C33C-4036-95E9-1F87F9A697FE} = {01E37454-19C9-4B1A-B464-BDEAE79C5A27}
		{93F4E236-0519-4F3A-93FA-AA8D04EE63EE} = {268C0C69-C33C-4036-95E9-1F87F9A697FE}
		{EBC0B651-3B42-4CC0-891F-7C9BF574DF9F} = {01E37454-19C9-4B1A-B464-BDEAE79C5A27}
		{06F45170-7AD4-4DE2-9EE8-B46523E2BA2C} = {EBC0B651-3B42-4CC0-891F-7C9BF574DF9F}
	EndGlobalSection
	GlobalSection(ExtensibilityGlobals) = postSolution
		SolutionGuid = {606F19C7-D232-4C21-B5EF-7E85E5CFA696}
	EndGlobalSection
EndGlobal
